
Microsoft Visual Studio Solution File, Format Version 11.00
# Visual Studio 2010
Project("{FAE04EC0-301F-11D3-BF4B-00C04F79EFBC}") = "OnlineVotingSystem", "OnlineVotingSystem\OnlineVotingSystem.csproj", "{94D7F323-D733-4975-A083-C6C3840D0806}"
EndProject
Global
	GlobalSection(SolutionConfigurationPlatforms) = preSolution
		Debug|Any CPU = Debug|Any CPU
		Release|Any CPU = Release|Any CPU
	EndGlobalSection
	GlobalSection(ProjectConfigurationPlatforms) = postSolution
		{94D7F323-D733-4975-A083-C6C3840D0806}.Debug|Any CPU.ActiveCfg = Debug|Any CPU
		{94D7F323-D733-4975-A083-C6C3840D0806}.Debug|Any CPU.Build.0 = Debug|Any CPU
		{94D7F323-D733-4975-A083-C6C3840D0806}.Release|Any CPU.ActiveCfg = Release|Any CPU
		{94D7F323-D733-4975-A083-C6C3840D0806}.Release|Any CPU.Build.0 = Release|Any CPU
	EndGlobalSection
	GlobalSection(SolutionProperties) = preSolution
		HideSolutionNode = FALSE
	EndGlobalSection
EndGlobal
